
Microsoft Visual Studio Solution File, Format Version 12.00
# Visual Studio Version 17
VisualStudioVersion = 17.9.34728.123
MinimumVisualStudioVersion = 10.0.40219.1
Project("{FAE04EC0-301F-11D3-BF4B-00C04F79EFBC}") = "SolidImplementation", "SolidImplementation\SolidImplementation.csproj", "{FF81C00D-F27C-48E6-886B-DA20F752DBC7}"
EndProject
Global
	GlobalSection(SolutionConfigurationPlatforms) = preSolution
		Debug|Any CPU = Debug|Any CPU
		Release|Any CPU = Release|Any CPU
	EndGlobalSection
	GlobalSection(ProjectConfigurationPlatforms) = postSolution
		{FF81C00D-F27C-48E6-886B-DA20F752DBC7}.Debug|Any CPU.ActiveCfg = Debug|Any CPU
		{FF81C00D-F27C-48E6-886B-DA20F752DBC7}.Debug|Any CPU.Build.0 = Debug|Any CPU
		{FF81C00D-F27C-48E6-886B-DA20F752DBC7}.Release|Any CPU.ActiveCfg = Release|Any CPU
		{FF81C00D-F27C-48E6-886B-DA20F752DBC7}.Release|Any CPU.Build.0 = Release|Any CPU
	EndGlobalSection
	GlobalSection(SolutionProperties) = preSolution
		HideSolutionNode = FALSE
	EndGlobalSection
	GlobalSection(ExtensibilityGlobals) = postSolution
		SolutionGuid = {B70C6C36-C7CD-457C-90E1-5B5BC77F47A1}
	EndGlobalSection
EndGlobal
